
Microsoft Visual Studio Solution File, Format Version 12.00
# Visual Studio Version 17
VisualStudioVersion = 17.11.35303.130
MinimumVisualStudioVersion = 10.0.40219.1
Project("{FAE04EC0-301F-11D3-BF4B-00C04F79EFBC}") = "Second_Console_App", "Second_Console_App.csproj", "{537BC3C1-FC04-4D24-A66E-74D0D039F790}"
EndProject
Project("{2150E333-8FDC-42A3-9474-1A3956D46DE8}") = "Solution Items", "Solution Items", "{1149F1E3-57D0-4F3A-AEAD-6BCB47BAB0D2}"
	ProjectSection(SolutionItems) = preProject
		TextFile1.txt = TextFile1.txt
	EndProjectSection
EndProject
Global
	GlobalSection(SolutionConfigurationPlatforms) = preSolution
		Debug|Any CPU = Debug|Any CPU
		Release|Any CPU = Release|Any CPU
	EndGlobalSection
	GlobalSection(ProjectConfigurationPlatforms) = postSolution
		{537BC3C1-FC04-4D24-A66E-74D0D039F790}.Debug|Any CPU.ActiveCfg = Debug|Any CPU
		{537BC3C1-FC04-4D24-A66E-74D0D039F790}.Debug|Any CPU.Build.0 = Debug|Any CPU
		{537BC3C1-FC04-4D24-A66E-74D0D039F790}.Release|Any CPU.ActiveCfg = Release|Any CPU
		{537BC3C1-FC04-4D24-A66E-74D0D039F790}.Release|Any CPU.Build.0 = Release|Any CPU
	EndGlobalSection
	GlobalSection(SolutionProperties) = preSolution
		HideSolutionNode = FALSE
	EndGlobalSection
	GlobalSection(ExtensibilityGlobals) = postSolution
		SolutionGuid = {260DEE0E-102A-4313-878C-53D819956C0C}
	EndGlobalSection
EndGlobal
