
Microsoft Visual Studio Solution File, Format Version 12.00
# Visual Studio Version 17
VisualStudioVersion = 17.11.35303.130
MinimumVisualStudioVersion = 10.0.40219.1
Project("{FAE04EC0-301F-11D3-BF4B-00C04F79EFBC}") = "Airport Simulation", "Airport Simulation.csproj", "{0B904920-1675-47A9-B1A7-C168B9C8AA11}"
EndProject
Global
	GlobalSection(SolutionConfigurationPlatforms) = preSolution
		Debug|Any CPU = Debug|Any CPU
		Release|Any CPU = Release|Any CPU
	EndGlobalSection
	GlobalSection(ProjectConfigurationPlatforms) = postSolution
		{0B904920-1675-47A9-B1A7-C168B9C8AA11}.Debug|Any CPU.ActiveCfg = Debug|Any CPU
		{0B904920-1675-47A9-B1A7-C168B9C8AA11}.Debug|Any CPU.Build.0 = Debug|Any CPU
		{0B904920-1675-47A9-B1A7-C168B9C8AA11}.Release|Any CPU.ActiveCfg = Release|Any CPU
		{0B904920-1675-47A9-B1A7-C168B9C8AA11}.Release|Any CPU.Build.0 = Release|Any CPU
	EndGlobalSection
	GlobalSection(SolutionProperties) = preSolution
		HideSolutionNode = FALSE
	EndGlobalSection
	GlobalSection(ExtensibilityGlobals) = postSolution
		SolutionGuid = {504B5AAE-4133-4383-BC9A-152BF8828082}
	EndGlobalSection
EndGlobal
